{
  "object": {
    "pins": [
      {
        "package": "SwiftDate",
        "repositoryURL": "https://github.com/malcommac/SwiftDate.git",
        "state": {
          "branch": null,
          "revision": "5d943224c3bb173e6ecf27295611615eba90c80e",
          "version": "7.0.0"
        }
      }
    ]
  },
  "version": 1
}
